// !$*UTF8*$!
{
	archiveVersion = 1;
	classes = {
	};
	objectVersion = 52;
	objects = {

/* Begin PBXBuildFile section */
		5901D4CD2684281A00A5BE86 /* WidgetKit.framework in Frameworks */ = {isa = PBXBuildFile; fileRef = 5901D4CC2684281A00A5BE86 /* WidgetKit.framework */; };
		5901D4CF2684281A00A5BE86 /* SwiftUI.framework in Frameworks */ = {isa = PBXBuildFile; fileRef = 5901D4CE2684281A00A5BE86 /* SwiftUI.framework */; };
		5901D4D22684281A00A5BE86 /* TicksWidget.swift in Sources */ = {isa = PBXBuildFile; fileRef = 5901D4D12684281A00A5BE86 /* TicksWidget.swift */; };
		5901D4D52684281C00A5BE86 /* Assets.xcassets in Resources */ = {isa = PBXBuildFile; fileRef = 5901D4D42684281C00A5BE86 /* Assets.xcassets */; };
		5901D4D72684281C00A5BE86 /* TicksWidget.intentdefinition in Sources */ = {isa = PBXBuildFile; fileRef = 5901D4D32684281A00A5BE86 /* TicksWidget.intentdefinition */; };
		5901D4D82684281C00A5BE86 /* TicksWidget.intentdefinition in Sources */ = {isa = PBXBuildFile; fileRef = 5901D4D32684281A00A5BE86 /* TicksWidget.intentdefinition */; };
		5901D4DB2684281C00A5BE86 /* TicksWidgetExtension.appex in Embed App Extensions */ = {isa = PBXBuildFile; fileRef = 5901D4CB2684281A00A5BE86 /* TicksWidgetExtension.appex */; settings = {ATTRIBUTES = (RemoveHeadersOnCopy, ); }; };
		5904EAAF2657111300B2D0A0 /* Binding+onChange.swift in Sources */ = {isa = PBXBuildFile; fileRef = 5904EAAE2657111300B2D0A0 /* Binding+onChange.swift */; };
		5920735B28F627B200DD7647 /* TickButton.swift in Sources */ = {isa = PBXBuildFile; fileRef = 5920735A28F627B200DD7647 /* TickButton.swift */; };
		592850F2265EF54B00E682F5 /* GroupController.swift in Sources */ = {isa = PBXBuildFile; fileRef = 592850F1265EF54B00E682F5 /* GroupController.swift */; };
		592CE888264F19B400668684 /* View+Centered.swift in Sources */ = {isa = PBXBuildFile; fileRef = 592CE887264F19B400668684 /* View+Centered.swift */; };
		592CE88A264F1CA800668684 /* GroupView.swift in Sources */ = {isa = PBXBuildFile; fileRef = 592CE889264F1CA800668684 /* GroupView.swift */; };
		592CE890264F337000668684 /* Tickmate+Wrapping.swift in Sources */ = {isa = PBXBuildFile; fileRef = 592CE88F264F337000668684 /* Tickmate+Wrapping.swift */; };
		59303A512665D00900EB900E /* TrackGroups.swift in Sources */ = {isa = PBXBuildFile; fileRef = 59303A502665D00900EB900E /* TrackGroups.swift */; };
		5931642D26853FFB005DDA1A /* Persistence.swift in Sources */ = {isa = PBXBuildFile; fileRef = 59FBCF2925E07BD8007B114F /* Persistence.swift */; };
		5931642E26854006005DDA1A /* SymbolsList.swift in Sources */ = {isa = PBXBuildFile; fileRef = 59C23A6625E70D7000AFBC4B /* SymbolsList.swift */; };
		5931642F26854009005DDA1A /* Defaults.swift in Sources */ = {isa = PBXBuildFile; fileRef = 59E6E15025F8837E008A74A9 /* Defaults.swift */; };
		5931643026854014005DDA1A /* Tickmate.xcdatamodeld in Sources */ = {isa = PBXBuildFile; fileRef = 59FBCF2B25E07BD8007B114F /* Tickmate.xcdatamodeld */; };
		593164312685401C005DDA1A /* TrackController.swift in Sources */ = {isa = PBXBuildFile; fileRef = 59F6EAA625E36D680069DF40 /* TrackController.swift */; };
		593164322685401E005DDA1A /* TickController.swift in Sources */ = {isa = PBXBuildFile; fileRef = 59F6EAA325E36D510069DF40 /* TickController.swift */; };
		5931643326854028005DDA1A /* Tickmate+Convenience.swift in Sources */ = {isa = PBXBuildFile; fileRef = 59F6EA9C25E369830069DF40 /* Tickmate+Convenience.swift */; };
		593164342685402F005DDA1A /* Color+RGB.swift in Sources */ = {isa = PBXBuildFile; fileRef = 597DF5AF25E5E90800DC8D28 /* Color+RGB.swift */; };
		593164352685404D005DDA1A /* TextWithCaption.swift in Sources */ = {isa = PBXBuildFile; fileRef = 59EF633625E5DC93003E7259 /* TextWithCaption.swift */; };
		5931643626854056005DDA1A /* TrackRepresentation.swift in Sources */ = {isa = PBXBuildFile; fileRef = 59EF632C25E5CF24003E7259 /* TrackRepresentation.swift */; };
		593164372685405F005DDA1A /* StoreController.swift in Sources */ = {isa = PBXBuildFile; fileRef = 59603D442666C85A001482C6 /* StoreController.swift */; };
		5931643826854061005DDA1A /* PresetTracks.swift in Sources */ = {isa = PBXBuildFile; fileRef = 5991969125F817F7003215CC /* PresetTracks.swift */; };
		593164392685406A005DDA1A /* AlertItem.swift in Sources */ = {isa = PBXBuildFile; fileRef = 59F6170826671C2100CC78E1 /* AlertItem.swift */; };
		5931643B2685409F005DDA1A /* SwiftDate in Frameworks */ = {isa = PBXBuildFile; productRef = 5931643A2685409F005DDA1A /* SwiftDate */; };
		5931643C26854153005DDA1A /* Tickmate+Wrapping.swift in Sources */ = {isa = PBXBuildFile; fileRef = 592CE88F264F337000668684 /* Tickmate+Wrapping.swift */; };
		5931643F26855EB8005DDA1A /* TickView.swift in Sources */ = {isa = PBXBuildFile; fileRef = 5931643E26855EB8005DDA1A /* TickView.swift */; };
		5931644726857779005DDA1A /* Intents.framework in Frameworks */ = {isa = PBXBuildFile; fileRef = 5931644626857779005DDA1A /* Intents.framework */; };
		5931644A26857779005DDA1A /* IntentHandler.swift in Sources */ = {isa = PBXBuildFile; fileRef = 5931644926857779005DDA1A /* IntentHandler.swift */; };
		5931644E2685777A005DDA1A /* TicksWidgetIntentsExtension.appex in Embed App Extensions */ = {isa = PBXBuildFile; fileRef = 5931644526857779005DDA1A /* TicksWidgetIntentsExtension.appex */; settings = {ATTRIBUTES = (RemoveHeadersOnCopy, ); }; };
		5931645226857805005DDA1A /* TicksWidget.intentdefinition in Sources */ = {isa = PBXBuildFile; fileRef = 5901D4D32684281A00A5BE86 /* TicksWidget.intentdefinition */; };
		59316453268579FE005DDA1A /* Persistence.swift in Sources */ = {isa = PBXBuildFile; fileRef = 59FBCF2925E07BD8007B114F /* Persistence.swift */; };
		5931645426857A16005DDA1A /* Tickmate.xcdatamodeld in Sources */ = {isa = PBXBuildFile; fileRef = 59FBCF2B25E07BD8007B114F /* Tickmate.xcdatamodeld */; };
		5931645626857A2A005DDA1A /* Tickmate+Convenience.swift in Sources */ = {isa = PBXBuildFile; fileRef = 59F6EA9C25E369830069DF40 /* Tickmate+Convenience.swift */; };
		5931645726857A3B005DDA1A /* SymbolsList.swift in Sources */ = {isa = PBXBuildFile; fileRef = 59C23A6625E70D7000AFBC4B /* SymbolsList.swift */; };
		5931645826857A3F005DDA1A /* Color+RGB.swift in Sources */ = {isa = PBXBuildFile; fileRef = 597DF5AF25E5E90800DC8D28 /* Color+RGB.swift */; };
		5931645926857A5A005DDA1A /* PresetTracks.swift in Sources */ = {isa = PBXBuildFile; fileRef = 5991969125F817F7003215CC /* PresetTracks.swift */; };
		5931645A26857A5E005DDA1A /* StoreController.swift in Sources */ = {isa = PBXBuildFile; fileRef = 59603D442666C85A001482C6 /* StoreController.swift */; };
		5931645B26857A6F005DDA1A /* TrackRepresentation.swift in Sources */ = {isa = PBXBuildFile; fileRef = 59EF632C25E5CF24003E7259 /* TrackRepresentation.swift */; };
		5931645C26857A81005DDA1A /* AlertItem.swift in Sources */ = {isa = PBXBuildFile; fileRef = 59F6170826671C2100CC78E1 /* AlertItem.swift */; };
		5931645D26857A85005DDA1A /* Defaults.swift in Sources */ = {isa = PBXBuildFile; fileRef = 59E6E15025F8837E008A74A9 /* Defaults.swift */; };
		5931645E26857A88005DDA1A /* TrackController.swift in Sources */ = {isa = PBXBuildFile; fileRef = 59F6EAA625E36D680069DF40 /* TrackController.swift */; };
		5931645F26857A8A005DDA1A /* TickController.swift in Sources */ = {isa = PBXBuildFile; fileRef = 59F6EAA325E36D510069DF40 /* TickController.swift */; };
		5931646126857AA9005DDA1A /* SwiftDate in Frameworks */ = {isa = PBXBuildFile; productRef = 5931646026857AA9005DDA1A /* SwiftDate */; };
		5931646326857CE9005DDA1A /* Tickmate+Wrapping.swift in Sources */ = {isa = PBXBuildFile; fileRef = 592CE88F264F337000668684 /* Tickmate+Wrapping.swift */; };
		59342E1C2603F3DF007E9F64 /* OnboardingView.swift in Sources */ = {isa = PBXBuildFile; fileRef = 59342E1B2603F3DF007E9F64 /* OnboardingView.swift */; };
		59373F5B2967D0B7007DB2B3 /* UIHostingController+Closure.swift in Sources */ = {isa = PBXBuildFile; fileRef = 59373F5A2967D0B7007DB2B3 /* UIHostingController+Closure.swift */; };
		5939239C2654CE050085DABD /* PageView.swift in Sources */ = {isa = PBXBuildFile; fileRef = 5939239B2654CE050085DABD /* PageView.swift */; };
		5939239E2655B6C90085DABD /* Animation+Push.swift in Sources */ = {isa = PBXBuildFile; fileRef = 5939239D2655B6C90085DABD /* Animation+Push.swift */; };
		5956ACC4268EA0DA0005B5CC /* CloudKit.framework in Frameworks */ = {isa = PBXBuildFile; fileRef = 5964545125E987C9004FE184 /* CloudKit.framework */; };
		5956ACC5268EA3440005B5CC /* CloudKit.framework in Frameworks */ = {isa = PBXBuildFile; fileRef = 5964545125E987C9004FE184 /* CloudKit.framework */; };
		59603D452666C85A001482C6 /* StoreController.swift in Sources */ = {isa = PBXBuildFile; fileRef = 59603D442666C85A001482C6 /* StoreController.swift */; };
		5964545225E987C9004FE184 /* CloudKit.framework in Frameworks */ = {isa = PBXBuildFile; fileRef = 5964545125E987C9004FE184 /* CloudKit.framework */; };
		597A7FDD25F6E1C900256268 /* StateEditButton.swift in Sources */ = {isa = PBXBuildFile; fileRef = 597A7FDC25F6E1C900256268 /* StateEditButton.swift */; };
		597DF5B025E5E90800DC8D28 /* Color+RGB.swift in Sources */ = {isa = PBXBuildFile; fileRef = 597DF5AF25E5E90800DC8D28 /* Color+RGB.swift */; };
		5985C7F42698F3F800413FF2 /* Launch Screen.storyboard in Resources */ = {isa = PBXBuildFile; fileRef = 5985C7F32698F3F800413FF2 /* Launch Screen.storyboard */; };
		598BFD1427E9497900F202D6 /* View+Centered.swift in Sources */ = {isa = PBXBuildFile; fileRef = 592CE887264F19B400668684 /* View+Centered.swift */; };
		598BFD1527E9497900F202D6 /* View+Centered.swift in Sources */ = {isa = PBXBuildFile; fileRef = 592CE887264F19B400668684 /* View+Centered.swift */; };
		598BFD1627E9497900F202D6 /* View+Conditional.swift in Sources */ = {isa = PBXBuildFile; fileRef = 59D483BF27057E3300CB30C0 /* View+Conditional.swift */; };
		598BFD1727E9497900F202D6 /* View+Conditional.swift in Sources */ = {isa = PBXBuildFile; fileRef = 59D483BF27057E3300CB30C0 /* View+Conditional.swift */; };
		598BFD1827E9497900F202D6 /* View+DismissKeyboard.swift in Sources */ = {isa = PBXBuildFile; fileRef = 59A0D8922645CF1600E01E61 /* View+DismissKeyboard.swift */; };
		598BFD1927E9497900F202D6 /* View+DismissKeyboard.swift in Sources */ = {isa = PBXBuildFile; fileRef = 59A0D8922645CF1600E01E61 /* View+DismissKeyboard.swift */; };
		598BFD1C27E94BA000F202D6 /* ViewController.swift in Sources */ = {isa = PBXBuildFile; fileRef = 598BFD1B27E94BA000F202D6 /* ViewController.swift */; };
		598BFD1E27E94BDA00F202D6 /* ScrollController.swift in Sources */ = {isa = PBXBuildFile; fileRef = 598BFD1D27E94BD900F202D6 /* ScrollController.swift */; };
		598BFD2027E9545C00F202D6 /* TrackTableViewController.swift in Sources */ = {isa = PBXBuildFile; fileRef = 598BFD1F27E9545C00F202D6 /* TrackTableViewController.swift */; };
		598BFD2327E9565500F202D6 /* DayTableViewCell.swift in Sources */ = {isa = PBXBuildFile; fileRef = 598BFD2227E9565500F202D6 /* DayTableViewCell.swift */; };
		598BFD2527E9577200F202D6 /* PageViewController.swift in Sources */ = {isa = PBXBuildFile; fileRef = 598BFD2427E9577200F202D6 /* PageViewController.swift */; };
		5991968F25F813ED003215CC /* PresetTracksView.swift in Sources */ = {isa = PBXBuildFile; fileRef = 5991968E25F813ED003215CC /* PresetTracksView.swift */; };
		5991969225F817F7003215CC /* PresetTracks.swift in Sources */ = {isa = PBXBuildFile; fileRef = 5991969125F817F7003215CC /* PresetTracks.swift */; };
		5996360F264F128A00AAF6CA /* GroupsView.swift in Sources */ = {isa = PBXBuildFile; fileRef = 5996360E264F128A00AAF6CA /* GroupsView.swift */; };
		599D9F5225EC5A4900DF3795 /* TracksView.swift in Sources */ = {isa = PBXBuildFile; fileRef = 599D9F5125EC5A4900DF3795 /* TracksView.swift */; };
		59A0D8932645CF1600E01E61 /* View+DismissKeyboard.swift in Sources */ = {isa = PBXBuildFile; fileRef = 59A0D8922645CF1600E01E61 /* View+DismissKeyboard.swift */; };
		59BDBAF227E95A1C00F58704 /* TickView.swift in Sources */ = {isa = PBXBuildFile; fileRef = 5931643E26855EB8005DDA1A /* TickView.swift */; };
		59BDBAF527E95C1300F58704 /* Main.storyboard in Resources */ = {isa = PBXBuildFile; fileRef = 59BDBAF427E95C1300F58704 /* Main.storyboard */; };
		59C23A6725E70D7000AFBC4B /* SymbolsList.swift in Sources */ = {isa = PBXBuildFile; fileRef = 59C23A6625E70D7000AFBC4B /* SymbolsList.swift */; };
		59C23A6C25E70E1A00AFBC4B /* SymbolPicker.swift in Sources */ = {isa = PBXBuildFile; fileRef = 59C23A6B25E70E1A00AFBC4B /* SymbolPicker.swift */; };
		59D483C027057E3300CB30C0 /* View+Conditional.swift in Sources */ = {isa = PBXBuildFile; fileRef = 59D483BF27057E3300CB30C0 /* View+Conditional.swift */; };
		59E6E14E25F88177008A74A9 /* SettingsView.swift in Sources */ = {isa = PBXBuildFile; fileRef = 59E6E14D25F88177008A74A9 /* SettingsView.swift */; };
		59E6E15125F8837E008A74A9 /* Defaults.swift in Sources */ = {isa = PBXBuildFile; fileRef = 59E6E15025F8837E008A74A9 /* Defaults.swift */; };
		59E9397225F98ACD002FD8CD /* AcknowledgementsView.swift in Sources */ = {isa = PBXBuildFile; fileRef = 59E9397125F98ACD002FD8CD /* AcknowledgementsView.swift */; };
		59E9397525F98BCB002FD8CD /* AcknowledgementLink.swift in Sources */ = {isa = PBXBuildFile; fileRef = 59E9397425F98BCB002FD8CD /* AcknowledgementLink.swift */; };
		59EF632925E5CD4B003E7259 /* TrackView.swift in Sources */ = {isa = PBXBuildFile; fileRef = 59EF632825E5CD4B003E7259 /* TrackView.swift */; };
		59EF632D25E5CF24003E7259 /* TrackRepresentation.swift in Sources */ = {isa = PBXBuildFile; fileRef = 59EF632C25E5CF24003E7259 /* TrackRepresentation.swift */; };
		59EF633725E5DC93003E7259 /* TextWithCaption.swift in Sources */ = {isa = PBXBuildFile; fileRef = 59EF633625E5DC93003E7259 /* TextWithCaption.swift */; };
		59F0980225E081CC00667971 /* TicksView.swift in Sources */ = {isa = PBXBuildFile; fileRef = 59F0980125E081CC00667971 /* TicksView.swift */; };
		59F3EDBB25FC46770009CDEC /* Introspect in Frameworks */ = {isa = PBXBuildFile; productRef = 59F3EDBA25FC46770009CDEC /* Introspect */; };
		59F3EDC225FC4F270009CDEC /* ViewControllerContainer.swift in Sources */ = {isa = PBXBuildFile; fileRef = 59F3EDC125FC4F270009CDEC /* ViewControllerContainer.swift */; };
		59F6170926671C2100CC78E1 /* AlertItem.swift in Sources */ = {isa = PBXBuildFile; fileRef = 59F6170826671C2100CC78E1 /* AlertItem.swift */; };
		59F6EA9D25E369830069DF40 /* Tickmate+Convenience.swift in Sources */ = {isa = PBXBuildFile; fileRef = 59F6EA9C25E369830069DF40 /* Tickmate+Convenience.swift */; };
		59F6EAA425E36D510069DF40 /* TickController.swift in Sources */ = {isa = PBXBuildFile; fileRef = 59F6EAA325E36D510069DF40 /* TickController.swift */; };
		59F6EAA725E36D680069DF40 /* TrackController.swift in Sources */ = {isa = PBXBuildFile; fileRef = 59F6EAA625E36D680069DF40 /* TrackController.swift */; };
		59F6EAAE25E377E40069DF40 /* SwiftDate in Frameworks */ = {isa = PBXBuildFile; productRef = 59F6EAAD25E377E40069DF40 /* SwiftDate */; };
		59FBCF2125E07BD5007B114F /* TickmateApp.swift in Sources */ = {isa = PBXBuildFile; fileRef = 59FBCF2025E07BD5007B114F /* TickmateApp.swift */; };
		59FBCF2325E07BD5007B114F /* ContentView.swift in Sources */ = {isa = PBXBuildFile; fileRef = 59FBCF2225E07BD5007B114F /* ContentView.swift */; };
		59FBCF2525E07BD8007B114F /* Assets.xcassets in Resources */ = {isa = PBXBuildFile; fileRef = 59FBCF2425E07BD8007B114F /* Assets.xcassets */; };
		59FBCF2825E07BD8007B114F /* Preview Assets.xcassets in Resources */ = {isa = PBXBuildFile; fileRef = 59FBCF2725E07BD8007B114F /* Preview Assets.xcassets */; };
		59FBCF2A25E07BD8007B114F /* Persistence.swift in Sources */ = {isa = PBXBuildFile; fileRef = 59FBCF2925E07BD8007B114F /* Persistence.swift */; };
		59FBCF2D25E07BD8007B114F /* Tickmate.xcdatamodeld in Sources */ = {isa = PBXBuildFile; fileRef = 59FBCF2B25E07BD8007B114F /* Tickmate.xcdatamodeld */; };
/* End PBXBuildFile section */

/* Begin PBXContainerItemProxy section */
		5901D4D92684281C00A5BE86 /* PBXContainerItemProxy */ = {
			isa = PBXContainerItemProxy;
			containerPortal = 59FBCF1525E07BD5007B114F /* Project object */;
			proxyType = 1;
			remoteGlobalIDString = 5901D4CA2684281A00A5BE86;
			remoteInfo = TicksWidgetExtension;
		};
		5931644C2685777A005DDA1A /* PBXContainerItemProxy */ = {
			isa = PBXContainerItemProxy;
			containerPortal = 59FBCF1525E07BD5007B114F /* Project object */;
			proxyType = 1;
			remoteGlobalIDString = 5931644426857779005DDA1A;
			remoteInfo = TicksWidgetIntentsExtension;
		};
/* End PBXContainerItemProxy section */

/* Begin PBXCopyFilesBuildPhase section */
		5901D4DC2684281C00A5BE86 /* Embed App Extensions */ = {
			isa = PBXCopyFilesBuildPhase;
			buildActionMask = 2147483647;
			dstPath = "";
			dstSubfolderSpec = 13;
			files = (
				5901D4DB2684281C00A5BE86 /* TicksWidgetExtension.appex in Embed App Extensions */,
				5931644E2685777A005DDA1A /* TicksWidgetIntentsExtension.appex in Embed App Extensions */,
			);
			name = "Embed App Extensions";
			runOnlyForDeploymentPostprocessing = 0;
		};
/* End PBXCopyFilesBuildPhase section */

/* Begin PBXFileReference section */
		5901D4CB2684281A00A5BE86 /* TicksWidgetExtension.appex */ = {isa = PBXFileReference; explicitFileType = "wrapper.app-extension"; includeInIndex = 0; path = TicksWidgetExtension.appex; sourceTree = BUILT_PRODUCTS_DIR; };
		5901D4CC2684281A00A5BE86 /* WidgetKit.framework */ = {isa = PBXFileReference; lastKnownFileType = wrapper.framework; name = WidgetKit.framework; path = System/Library/Frameworks/WidgetKit.framework; sourceTree = SDKROOT; };
		5901D4CE2684281A00A5BE86 /* SwiftUI.framework */ = {isa = PBXFileReference; lastKnownFileType = wrapper.framework; name = SwiftUI.framework; path = System/Library/Frameworks/SwiftUI.framework; sourceTree = SDKROOT; };
		5901D4D12684281A00A5BE86 /* TicksWidget.swift */ = {isa = PBXFileReference; lastKnownFileType = sourcecode.swift; path = TicksWidget.swift; sourceTree = "<group>"; };
		5901D4D32684281A00A5BE86 /* TicksWidget.intentdefinition */ = {isa = PBXFileReference; lastKnownFileType = file.intentdefinition; path = TicksWidget.intentdefinition; sourceTree = "<group>"; };
		5901D4D42684281C00A5BE86 /* Assets.xcassets */ = {isa = PBXFileReference; lastKnownFileType = folder.assetcatalog; path = Assets.xcassets; sourceTree = "<group>"; };
		5901D4D62684281C00A5BE86 /* Info.plist */ = {isa = PBXFileReference; lastKnownFileType = text.plist.xml; path = Info.plist; sourceTree = "<group>"; };
		5904EAAE2657111300B2D0A0 /* Binding+onChange.swift */ = {isa = PBXFileReference; lastKnownFileType = sourcecode.swift; path = "Binding+onChange.swift"; sourceTree = "<group>"; };
		5920735A28F627B200DD7647 /* TickButton.swift */ = {isa = PBXFileReference; lastKnownFileType = sourcecode.swift; path = TickButton.swift; sourceTree = "<group>"; };
		592850F1265EF54B00E682F5 /* GroupController.swift */ = {isa = PBXFileReference; lastKnownFileType = sourcecode.swift; path = GroupController.swift; sourceTree = "<group>"; };
		592CE887264F19B400668684 /* View+Centered.swift */ = {isa = PBXFileReference; lastKnownFileType = sourcecode.swift; path = "View+Centered.swift"; sourceTree = "<group>"; };
		592CE889264F1CA800668684 /* GroupView.swift */ = {isa = PBXFileReference; lastKnownFileType = sourcecode.swift; path = GroupView.swift; sourceTree = "<group>"; };
		592CE88F264F337000668684 /* Tickmate+Wrapping.swift */ = {isa = PBXFileReference; lastKnownFileType = sourcecode.swift; path = "Tickmate+Wrapping.swift"; sourceTree = "<group>"; };
		59303A502665D00900EB900E /* TrackGroups.swift */ = {isa = PBXFileReference; lastKnownFileType = sourcecode.swift; path = TrackGroups.swift; sourceTree = "<group>"; };
		5931643E26855EB8005DDA1A /* TickView.swift */ = {isa = PBXFileReference; lastKnownFileType = sourcecode.swift; path = TickView.swift; sourceTree = "<group>"; };
		5931644526857779005DDA1A /* TicksWidgetIntentsExtension.appex */ = {isa = PBXFileReference; explicitFileType = "wrapper.app-extension"; includeInIndex = 0; path = TicksWidgetIntentsExtension.appex; sourceTree = BUILT_PRODUCTS_DIR; };
		5931644626857779005DDA1A /* Intents.framework */ = {isa = PBXFileReference; lastKnownFileType = wrapper.framework; name = Intents.framework; path = System/Library/Frameworks/Intents.framework; sourceTree = SDKROOT; };
		5931644926857779005DDA1A /* IntentHandler.swift */ = {isa = PBXFileReference; lastKnownFileType = sourcecode.swift; path = IntentHandler.swift; sourceTree = "<group>"; };
		5931644B26857779005DDA1A /* Info.plist */ = {isa = PBXFileReference; lastKnownFileType = text.plist.xml; path = Info.plist; sourceTree = "<group>"; };
		59342E1B2603F3DF007E9F64 /* OnboardingView.swift */ = {isa = PBXFileReference; lastKnownFileType = sourcecode.swift; path = OnboardingView.swift; sourceTree = "<group>"; };
		59373F5A2967D0B7007DB2B3 /* UIHostingController+Closure.swift */ = {isa = PBXFileReference; lastKnownFileType = sourcecode.swift; path = "UIHostingController+Closure.swift"; sourceTree = "<group>"; };
		5939239B2654CE050085DABD /* PageView.swift */ = {isa = PBXFileReference; lastKnownFileType = sourcecode.swift; path = PageView.swift; sourceTree = "<group>"; };
		5939239D2655B6C90085DABD /* Animation+Push.swift */ = {isa = PBXFileReference; lastKnownFileType = sourcecode.swift; path = "Animation+Push.swift"; sourceTree = "<group>"; };
		59603D442666C85A001482C6 /* StoreController.swift */ = {isa = PBXFileReference; lastKnownFileType = sourcecode.swift; path = StoreController.swift; sourceTree = "<group>"; };
		59603D462666CA98001482C6 /* Configuration.storekit */ = {isa = PBXFileReference; lastKnownFileType = text; path = Configuration.storekit; sourceTree = "<group>"; };
		5964544E25E987C6004FE184 /* Tickmate.entitlements */ = {isa = PBXFileReference; lastKnownFileType = text.plist.entitlements; path = Tickmate.entitlements; sourceTree = "<group>"; };
		5964545125E987C9004FE184 /* CloudKit.framework */ = {isa = PBXFileReference; lastKnownFileType = wrapper.framework; name = CloudKit.framework; path = System/Library/Frameworks/CloudKit.framework; sourceTree = SDKROOT; };
		597A7FDC25F6E1C900256268 /* StateEditButton.swift */ = {isa = PBXFileReference; lastKnownFileType = sourcecode.swift; path = StateEditButton.swift; sourceTree = "<group>"; };
		597DF5AF25E5E90800DC8D28 /* Color+RGB.swift */ = {isa = PBXFileReference; lastKnownFileType = sourcecode.swift; path = "Color+RGB.swift"; sourceTree = "<group>"; };
		5985C7F32698F3F800413FF2 /* Launch Screen.storyboard */ = {isa = PBXFileReference; lastKnownFileType = file.storyboard; path = "Launch Screen.storyboard"; sourceTree = "<group>"; };
		598BFD1B27E94BA000F202D6 /* ViewController.swift */ = {isa = PBXFileReference; fileEncoding = 4; lastKnownFileType = sourcecode.swift; path = ViewController.swift; sourceTree = "<group>"; };
		598BFD1D27E94BD900F202D6 /* ScrollController.swift */ = {isa = PBXFileReference; fileEncoding = 4; lastKnownFileType = sourcecode.swift; path = ScrollController.swift; sourceTree = "<group>"; };
		598BFD1F27E9545C00F202D6 /* TrackTableViewController.swift */ = {isa = PBXFileReference; fileEncoding = 4; lastKnownFileType = sourcecode.swift; path = TrackTableViewController.swift; sourceTree = "<group>"; };
		598BFD2227E9565500F202D6 /* DayTableViewCell.swift */ = {isa = PBXFileReference; fileEncoding = 4; lastKnownFileType = sourcecode.swift; path = DayTableViewCell.swift; sourceTree = "<group>"; };
		598BFD2427E9577200F202D6 /* PageViewController.swift */ = {isa = PBXFileReference; fileEncoding = 4; lastKnownFileType = sourcecode.swift; path = PageViewController.swift; sourceTree = "<group>"; };
		5991968E25F813ED003215CC /* PresetTracksView.swift */ = {isa = PBXFileReference; lastKnownFileType = sourcecode.swift; path = PresetTracksView.swift; sourceTree = "<group>"; };
		5991969125F817F7003215CC /* PresetTracks.swift */ = {isa = PBXFileReference; lastKnownFileType = sourcecode.swift; path = PresetTracks.swift; sourceTree = "<group>"; };
		5995F873268D77C200A0E3C4 /* TicksWidgetExtension.entitlements */ = {isa = PBXFileReference; lastKnownFileType = text.plist.entitlements; path = TicksWidgetExtension.entitlements; sourceTree = "<group>"; };
		5995F874268D77D300A0E3C4 /* TicksWidgetIntentsExtension.entitlements */ = {isa = PBXFileReference; lastKnownFileType = text.plist.entitlements; path = TicksWidgetIntentsExtension.entitlements; sourceTree = "<group>"; };
		5996360E264F128A00AAF6CA /* GroupsView.swift */ = {isa = PBXFileReference; lastKnownFileType = sourcecode.swift; path = GroupsView.swift; sourceTree = "<group>"; };
		599D9F5125EC5A4900DF3795 /* TracksView.swift */ = {isa = PBXFileReference; lastKnownFileType = sourcecode.swift; path = TracksView.swift; sourceTree = "<group>"; };
		59A0D8922645CF1600E01E61 /* View+DismissKeyboard.swift */ = {isa = PBXFileReference; lastKnownFileType = sourcecode.swift; path = "View+DismissKeyboard.swift"; sourceTree = "<group>"; };
		59BDBAF427E95C1300F58704 /* Main.storyboard */ = {isa = PBXFileReference; lastKnownFileType = file.storyboard; path = Main.storyboard; sourceTree = "<group>"; };
		59C23A6625E70D7000AFBC4B /* SymbolsList.swift */ = {isa = PBXFileReference; lastKnownFileType = sourcecode.swift; path = SymbolsList.swift; sourceTree = "<group>"; };
		59C23A6B25E70E1A00AFBC4B /* SymbolPicker.swift */ = {isa = PBXFileReference; lastKnownFileType = sourcecode.swift; path = SymbolPicker.swift; sourceTree = "<group>"; };
		59D483BF27057E3300CB30C0 /* View+Conditional.swift */ = {isa = PBXFileReference; lastKnownFileType = sourcecode.swift; path = "View+Conditional.swift"; sourceTree = "<group>"; };
		59E6E14D25F88177008A74A9 /* SettingsView.swift */ = {isa = PBXFileReference; lastKnownFileType = sourcecode.swift; path = SettingsView.swift; sourceTree = "<group>"; };
		59E6E15025F8837E008A74A9 /* Defaults.swift */ = {isa = PBXFileReference; lastKnownFileType = sourcecode.swift; path = Defaults.swift; sourceTree = "<group>"; };
		59E9397125F98ACD002FD8CD /* AcknowledgementsView.swift */ = {isa = PBXFileReference; lastKnownFileType = sourcecode.swift; path = AcknowledgementsView.swift; sourceTree = "<group>"; };
		59E9397425F98BCB002FD8CD /* AcknowledgementLink.swift */ = {isa = PBXFileReference; lastKnownFileType = sourcecode.swift; path = AcknowledgementLink.swift; sourceTree = "<group>"; };
		59EF632825E5CD4B003E7259 /* TrackView.swift */ = {isa = PBXFileReference; lastKnownFileType = sourcecode.swift; path = TrackView.swift; sourceTree = "<group>"; };
		59EF632C25E5CF24003E7259 /* TrackRepresentation.swift */ = {isa = PBXFileReference; lastKnownFileType = sourcecode.swift; path = TrackRepresentation.swift; sourceTree = "<group>"; };
		59EF633625E5DC93003E7259 /* TextWithCaption.swift */ = {isa = PBXFileReference; lastKnownFileType = sourcecode.swift; path = TextWithCaption.swift; sourceTree = "<group>"; };
		59F0980125E081CC00667971 /* TicksView.swift */ = {isa = PBXFileReference; lastKnownFileType = sourcecode.swift; path = TicksView.swift; sourceTree = "<group>"; };
		59F3EDC125FC4F270009CDEC /* ViewControllerContainer.swift */ = {isa = PBXFileReference; lastKnownFileType = sourcecode.swift; path = ViewControllerContainer.swift; sourceTree = "<group>"; };
		59F6170826671C2100CC78E1 /* AlertItem.swift */ = {isa = PBXFileReference; lastKnownFileType = sourcecode.swift; path = AlertItem.swift; sourceTree = "<group>"; };
		59F6EA9C25E369830069DF40 /* Tickmate+Convenience.swift */ = {isa = PBXFileReference; lastKnownFileType = sourcecode.swift; path = "Tickmate+Convenience.swift"; sourceTree = "<group>"; };
		59F6EAA325E36D510069DF40 /* TickController.swift */ = {isa = PBXFileReference; lastKnownFileType = sourcecode.swift; path = TickController.swift; sourceTree = "<group>"; };
		59F6EAA625E36D680069DF40 /* TrackController.swift */ = {isa = PBXFileReference; lastKnownFileType = sourcecode.swift; path = TrackController.swift; sourceTree = "<group>"; };
		59FBCF1D25E07BD5007B114F /* Tickmate.app */ = {isa = PBXFileReference; explicitFileType = wrapper.application; includeInIndex = 0; path = Tickmate.app; sourceTree = BUILT_PRODUCTS_DIR; };
		59FBCF2025E07BD5007B114F /* TickmateApp.swift */ = {isa = PBXFileReference; lastKnownFileType = sourcecode.swift; path = TickmateApp.swift; sourceTree = "<group>"; };
		59FBCF2225E07BD5007B114F /* ContentView.swift */ = {isa = PBXFileReference; lastKnownFileType = sourcecode.swift; path = ContentView.swift; sourceTree = "<group>"; };
		59FBCF2425E07BD8007B114F /* Assets.xcassets */ = {isa = PBXFileReference; lastKnownFileType = folder.assetcatalog; path = Assets.xcassets; sourceTree = "<group>"; };
		59FBCF2725E07BD8007B114F /* Preview Assets.xcassets */ = {isa = PBXFileReference; lastKnownFileType = folder.assetcatalog; path = "Preview Assets.xcassets"; sourceTree = "<group>"; };
		59FBCF2925E07BD8007B114F /* Persistence.swift */ = {isa = PBXFileReference; lastKnownFileType = sourcecode.swift; path = Persistence.swift; sourceTree = "<group>"; };
		59FBCF2C25E07BD8007B114F /* Tickmate.xcdatamodel */ = {isa = PBXFileReference; lastKnownFileType = wrapper.xcdatamodel; path = Tickmate.xcdatamodel; sourceTree = "<group>"; };
		59FBCF2E25E07BD8007B114F /* Info.plist */ = {isa = PBXFileReference; lastKnownFileType = text.plist.xml; path = Info.plist; sourceTree = "<group>"; };
/* End PBXFileReference section */

/* Begin PBXFrameworksBuildPhase section */
		5901D4C82684281A00A5BE86 /* Frameworks */ = {
			isa = PBXFrameworksBuildPhase;
			buildActionMask = 2147483647;
			files = (
				5901D4CF2684281A00A5BE86 /* SwiftUI.framework in Frameworks */,
				5956ACC4268EA0DA0005B5CC /* CloudKit.framework in Frameworks */,
				5901D4CD2684281A00A5BE86 /* WidgetKit.framework in Frameworks */,
				5931643B2685409F005DDA1A /* SwiftDate in Frameworks */,
			);
			runOnlyForDeploymentPostprocessing = 0;
		};
		5931644226857779005DDA1A /* Frameworks */ = {
			isa = PBXFrameworksBuildPhase;
			buildActionMask = 2147483647;
			files = (
				5956ACC5268EA3440005B5CC /* CloudKit.framework in Frameworks */,
				5931646126857AA9005DDA1A /* SwiftDate in Frameworks */,
				5931644726857779005DDA1A /* Intents.framework in Frameworks */,
			);
			runOnlyForDeploymentPostprocessing = 0;
		};
		59FBCF1A25E07BD5007B114F /* Frameworks */ = {
			isa = PBXFrameworksBuildPhase;
			buildActionMask = 2147483647;
			files = (
				59F6EAAE25E377E40069DF40 /* SwiftDate in Frameworks */,
				59F3EDBB25FC46770009CDEC /* Introspect in Frameworks */,
				5964545225E987C9004FE184 /* CloudKit.framework in Frameworks */,
			);
			runOnlyForDeploymentPostprocessing = 0;
		};
/* End PBXFrameworksBuildPhase section */

/* Begin PBXGroup section */
		5901D4D02684281A00A5BE86 /* TicksWidget */ = {
			isa = PBXGroup;
			children = (
				5901D4D12684281A00A5BE86 /* TicksWidget.swift */,
				5901D4D32684281A00A5BE86 /* TicksWidget.intentdefinition */,
				5901D4D42684281C00A5BE86 /* Assets.xcassets */,
				5901D4D62684281C00A5BE86 /* Info.plist */,
			);
			path = TicksWidget;
			sourceTree = "<group>";
		};
		5931644826857779005DDA1A /* TicksWidgetIntentsExtension */ = {
			isa = PBXGroup;
			children = (
				5995F874268D77D300A0E3C4 /* TicksWidgetIntentsExtension.entitlements */,
				5931644926857779005DDA1A /* IntentHandler.swift */,
				5931644B26857779005DDA1A /* Info.plist */,
			);
			path = TicksWidgetIntentsExtension;
			sourceTree = "<group>";
		};
		5964545025E987C9004FE184 /* Frameworks */ = {
			isa = PBXGroup;
			children = (
				5964545125E987C9004FE184 /* CloudKit.framework */,
				5901D4CC2684281A00A5BE86 /* WidgetKit.framework */,
				5901D4CE2684281A00A5BE86 /* SwiftUI.framework */,
				5931644626857779005DDA1A /* Intents.framework */,
			);
			name = Frameworks;
			sourceTree = "<group>";
		};
		598BFD0E27E948B000F202D6 /* UI */ = {
			isa = PBXGroup;
			children = (
				598BFD0F27E948DA00F202D6 /* App */,
				598BFD1227E9492500F202D6 /* Main Screen */,
				598BFD1127E9490500F202D6 /* Tracks */,
				59FBCF3D25E07E05007B114F /* Settings */,
				59EF633525E5DC85003E7259 /* Supplementary Views */,
			);
			path = UI;
			sourceTree = "<group>";
		};
		598BFD0F27E948DA00F202D6 /* App */ = {
			isa = PBXGroup;
			children = (
				59FBCF2225E07BD5007B114F /* ContentView.swift */,
				59342E1B2603F3DF007E9F64 /* OnboardingView.swift */,
			);
			path = App;
			sourceTree = "<group>";
		};
		598BFD1127E9490500F202D6 /* Tracks */ = {
			isa = PBXGroup;
			children = (
				599D9F5125EC5A4900DF3795 /* TracksView.swift */,
				59EF632825E5CD4B003E7259 /* TrackView.swift */,
				59C23A6B25E70E1A00AFBC4B /* SymbolPicker.swift */,
				5991968E25F813ED003215CC /* PresetTracksView.swift */,
			);
			path = Tracks;
			sourceTree = "<group>";
		};
		598BFD1227E9492500F202D6 /* Main Screen */ = {
			isa = PBXGroup;
			children = (
				59BDBAF327E95C0500F58704 /* Storyboards */,
				598BFD2127E9564E00F202D6 /* Views */,
				598BFD1A27E94B6700F202D6 /* ViewControllers */,
				59F0980125E081CC00667971 /* TicksView.swift */,
				5931643E26855EB8005DDA1A /* TickView.swift */,
			);
			path = "Main Screen";
			sourceTree = "<group>";
		};
		598BFD1327E9494F00F202D6 /* Extensions */ = {
			isa = PBXGroup;
			children = (
				597DF5AF25E5E90800DC8D28 /* Color+RGB.swift */,
				59A0D8922645CF1600E01E61 /* View+DismissKeyboard.swift */,
				592CE887264F19B400668684 /* View+Centered.swift */,
				59D483BF27057E3300CB30C0 /* View+Conditional.swift */,
				5939239D2655B6C90085DABD /* Animation+Push.swift */,
				59373F5A2967D0B7007DB2B3 /* UIHostingController+Closure.swift */,
			);
			path = Extensions;
			sourceTree = "<group>";
		};
		598BFD1A27E94B6700F202D6 /* ViewControllers */ = {
			isa = PBXGroup;
			children = (
				598BFD1B27E94BA000F202D6 /* ViewController.swift */,
				598BFD2427E9577200F202D6 /* PageViewController.swift */,
				598BFD1F27E9545C00F202D6 /* TrackTableViewController.swift */,
			);
			path = ViewControllers;
			sourceTree = "<group>";
		};
		598BFD2127E9564E00F202D6 /* Views */ = {
			isa = PBXGroup;
			children = (
				598BFD2227E9565500F202D6 /* DayTableViewCell.swift */,
				5920735A28F627B200DD7647 /* TickButton.swift */,
			);
			path = Views;
			sourceTree = "<group>";
		};
		59BDBAF327E95C0500F58704 /* Storyboards */ = {
			isa = PBXGroup;
			children = (
				59BDBAF427E95C1300F58704 /* Main.storyboard */,
			);
			path = Storyboards;
			sourceTree = "<group>";
		};
		59C23A6925E70D7900AFBC4B /* Resources */ = {
			isa = PBXGroup;
			children = (
				59FBCF2425E07BD8007B114F /* Assets.xcassets */,
				59C23A6625E70D7000AFBC4B /* SymbolsList.swift */,
				5991969125F817F7003215CC /* PresetTracks.swift */,
				59603D462666CA98001482C6 /* Configuration.storekit */,
				5985C7F32698F3F800413FF2 /* Launch Screen.storyboard */,
			);
			path = Resources;
			sourceTree = "<group>";
		};
		59EF633525E5DC85003E7259 /* Supplementary Views */ = {
			isa = PBXGroup;
			children = (
				598BFD1327E9494F00F202D6 /* Extensions */,
				59EF633625E5DC93003E7259 /* TextWithCaption.swift */,
				597A7FDC25F6E1C900256268 /* StateEditButton.swift */,
				5939239B2654CE050085DABD /* PageView.swift */,
				59F6170826671C2100CC78E1 /* AlertItem.swift */,
			);
			path = "Supplementary Views";
			sourceTree = "<group>";
		};
		59FBCF1425E07BD5007B114F = {
			isa = PBXGroup;
			children = (
				5995F873268D77C200A0E3C4 /* TicksWidgetExtension.entitlements */,
				59FBCF1F25E07BD5007B114F /* Tickmate */,
				5901D4D02684281A00A5BE86 /* TicksWidget */,
				5931644826857779005DDA1A /* TicksWidgetIntentsExtension */,
				59FBCF1E25E07BD5007B114F /* Products */,
				5964545025E987C9004FE184 /* Frameworks */,
			);
			sourceTree = "<group>";
		};
		59FBCF1E25E07BD5007B114F /* Products */ = {
			isa = PBXGroup;
			children = (
				59FBCF1D25E07BD5007B114F /* Tickmate.app */,
				5901D4CB2684281A00A5BE86 /* TicksWidgetExtension.appex */,
				5931644526857779005DDA1A /* TicksWidgetIntentsExtension.appex */,
			);
			name = Products;
			sourceTree = "<group>";
		};
		59FBCF1F25E07BD5007B114F /* Tickmate */ = {
			isa = PBXGroup;
			children = (
				5964544E25E987C6004FE184 /* Tickmate.entitlements */,
				59FBCF2025E07BD5007B114F /* TickmateApp.swift */,
				59FBCF3C25E07DF0007B114F /* Model */,
				598BFD0E27E948B000F202D6 /* UI */,
				59FBCF3E25E07E0B007B114F /* Controllers */,
				59C23A6925E70D7900AFBC4B /* Resources */,
				59FBCF2E25E07BD8007B114F /* Info.plist */,
				59FBCF2625E07BD8007B114F /* Preview Content */,
			);
			path = Tickmate;
			sourceTree = "<group>";
		};
		59FBCF2625E07BD8007B114F /* Preview Content */ = {
			isa = PBXGroup;
			children = (
				59FBCF2725E07BD8007B114F /* Preview Assets.xcassets */,
			);
			path = "Preview Content";
			sourceTree = "<group>";
		};
		59FBCF3C25E07DF0007B114F /* Model */ = {
			isa = PBXGroup;
			children = (
				59FBCF2B25E07BD8007B114F /* Tickmate.xcdatamodeld */,
				59F6EA9C25E369830069DF40 /* Tickmate+Convenience.swift */,
				592CE88F264F337000668684 /* Tickmate+Wrapping.swift */,
				59EF632C25E5CF24003E7259 /* TrackRepresentation.swift */,
				59E6E15025F8837E008A74A9 /* Defaults.swift */,
				5904EAAE2657111300B2D0A0 /* Binding+onChange.swift */,
				59303A502665D00900EB900E /* TrackGroups.swift */,
			);
			path = Model;
			sourceTree = "<group>";
		};
		59FBCF3D25E07E05007B114F /* Settings */ = {
			isa = PBXGroup;
			children = (
				59E6E14D25F88177008A74A9 /* SettingsView.swift */,
				59E9397125F98ACD002FD8CD /* AcknowledgementsView.swift */,
				59E9397425F98BCB002FD8CD /* AcknowledgementLink.swift */,
				5996360E264F128A00AAF6CA /* GroupsView.swift */,
				592CE889264F1CA800668684 /* GroupView.swift */,
			);
			path = Settings;
			sourceTree = "<group>";
		};
		59FBCF3E25E07E0B007B114F /* Controllers */ = {
			isa = PBXGroup;
			children = (
				598BFD1D27E94BD900F202D6 /* ScrollController.swift */,
				59FBCF2925E07BD8007B114F /* Persistence.swift */,
				59F6EAA325E36D510069DF40 /* TickController.swift */,
				59F6EAA625E36D680069DF40 /* TrackController.swift */,
				592850F1265EF54B00E682F5 /* GroupController.swift */,
				59F3EDC125FC4F270009CDEC /* ViewControllerContainer.swift */,
				59603D442666C85A001482C6 /* StoreController.swift */,
			);
			path = Controllers;
			sourceTree = "<group>";
		};
/* End PBXGroup section */

/* Begin PBXNativeTarget section */
		5901D4CA2684281A00A5BE86 /* TicksWidgetExtension */ = {
			isa = PBXNativeTarget;
			buildConfigurationList = 5901D4DF2684281C00A5BE86 /* Build configuration list for PBXNativeTarget "TicksWidgetExtension" */;
			buildPhases = (
				5901D4C72684281A00A5BE86 /* Sources */,
				5901D4C82684281A00A5BE86 /* Frameworks */,
				5901D4C92684281A00A5BE86 /* Resources */,
			);
			buildRules = (
			);
			dependencies = (
			);
			name = TicksWidgetExtension;
			packageProductDependencies = (
				5931643A2685409F005DDA1A /* SwiftDate */,
			);
			productName = TicksWidgetExtension;
			productReference = 5901D4CB2684281A00A5BE86 /* TicksWidgetExtension.appex */;
			productType = "com.apple.product-type.app-extension";
		};
		5931644426857779005DDA1A /* TicksWidgetIntentsExtension */ = {
			isa = PBXNativeTarget;
			buildConfigurationList = 5931644F2685777A005DDA1A /* Build configuration list for PBXNativeTarget "TicksWidgetIntentsExtension" */;
			buildPhases = (
				5931644126857779005DDA1A /* Sources */,
				5931644226857779005DDA1A /* Frameworks */,
				5931644326857779005DDA1A /* Resources */,
			);
			buildRules = (
			);
			dependencies = (
			);
			name = TicksWidgetIntentsExtension;
			packageProductDependencies = (
				5931646026857AA9005DDA1A /* SwiftDate */,
			);
			productName = TicksWidgetIntentsExtension;
			productReference = 5931644526857779005DDA1A /* TicksWidgetIntentsExtension.appex */;
			productType = "com.apple.product-type.app-extension";
		};
		59FBCF1C25E07BD5007B114F /* Tickmate */ = {
			isa = PBXNativeTarget;
			buildConfigurationList = 59FBCF3125E07BD8007B114F /* Build configuration list for PBXNativeTarget "Tickmate" */;
			buildPhases = (
				59FBCF1925E07BD5007B114F /* Sources */,
				59FBCF1A25E07BD5007B114F /* Frameworks */,
				59FBCF1B25E07BD5007B114F /* Resources */,
				5901D4DC2684281C00A5BE86 /* Embed App Extensions */,
			);
			buildRules = (
			);
			dependencies = (
				5901D4DA2684281C00A5BE86 /* PBXTargetDependency */,
				5931644D2685777A005DDA1A /* PBXTargetDependency */,
			);
			name = Tickmate;
			packageProductDependencies = (
				59F6EAAD25E377E40069DF40 /* SwiftDate */,
				59F3EDBA25FC46770009CDEC /* Introspect */,
			);
			productName = Tickmate;
			productReference = 59FBCF1D25E07BD5007B114F /* Tickmate.app */;
			productType = "com.apple.product-type.application";
		};
/* End PBXNativeTarget section */

/* Begin PBXProject section */
		59FBCF1525E07BD5007B114F /* Project object */ = {
			isa = PBXProject;
			attributes = {
				LastSwiftUpdateCheck = 1250;
				LastUpgradeCheck = 1240;
				TargetAttributes = {
					5901D4CA2684281A00A5BE86 = {
						CreatedOnToolsVersion = 12.5;
					};
					5931644426857779005DDA1A = {
						CreatedOnToolsVersion = 12.5;
					};
					59FBCF1C25E07BD5007B114F = {
						CreatedOnToolsVersion = 12.4;
					};
				};
			};
			buildConfigurationList = 59FBCF1825E07BD5007B114F /* Build configuration list for PBXProject "Tickmate" */;
			compatibilityVersion = "Xcode 9.3";
			developmentRegion = en;
			hasScannedForEncodings = 0;
			knownRegions = (
				en,
				Base,
			);
			mainGroup = 59FBCF1425E07BD5007B114F;
			packageReferences = (
				59F6EAAC25E377E40069DF40 /* XCRemoteSwiftPackageReference "SwiftDate" */,
				59F3EDB925FC46770009CDEC /* XCRemoteSwiftPackageReference "SwiftUI-Introspect" */,
			);
			productRefGroup = 59FBCF1E25E07BD5007B114F /* Products */;
			projectDirPath = "";
			projectRoot = "";
			targets = (
				59FBCF1C25E07BD5007B114F /* Tickmate */,
				5901D4CA2684281A00A5BE86 /* TicksWidgetExtension */,
				5931644426857779005DDA1A /* TicksWidgetIntentsExtension */,
			);
		};
/* End PBXProject section */

/* Begin PBXResourcesBuildPhase section */
		5901D4C92684281A00A5BE86 /* Resources */ = {
			isa = PBXResourcesBuildPhase;
			buildActionMask = 2147483647;
			files = (
				5901D4D52684281C00A5BE86 /* Assets.xcassets in Resources */,
			);
			runOnlyForDeploymentPostprocessing = 0;
		};
		5931644326857779005DDA1A /* Resources */ = {
			isa = PBXResourcesBuildPhase;
			buildActionMask = 2147483647;
			files = (
			);
			runOnlyForDeploymentPostprocessing = 0;
		};
		59FBCF1B25E07BD5007B114F /* Resources */ = {
			isa = PBXResourcesBuildPhase;
			buildActionMask = 2147483647;
			files = (
				5985C7F42698F3F800413FF2 /* Launch Screen.storyboard in Resources */,
				59FBCF2825E07BD8007B114F /* Preview Assets.xcassets in Resources */,
				59FBCF2525E07BD8007B114F /* Assets.xcassets in Resources */,
				59BDBAF527E95C1300F58704 /* Main.storyboard in Resources */,
			);
			runOnlyForDeploymentPostprocessing = 0;
		};
/* End PBXResourcesBuildPhase section */

/* Begin PBXSourcesBuildPhase section */
		5901D4C72684281A00A5BE86 /* Sources */ = {
			isa = PBXSourcesBuildPhase;
			buildActionMask = 2147483647;
			files = (
				5931643626854056005DDA1A /* TrackRepresentation.swift in Sources */,
				5931642D26853FFB005DDA1A /* Persistence.swift in Sources */,
				5931643026854014005DDA1A /* Tickmate.xcdatamodeld in Sources */,
				59BDBAF227E95A1C00F58704 /* TickView.swift in Sources */,
				5931642E26854006005DDA1A /* SymbolsList.swift in Sources */,
				5931642F26854009005DDA1A /* Defaults.swift in Sources */,
				598BFD1627E9497900F202D6 /* View+Conditional.swift in Sources */,
				593164312685401C005DDA1A /* TrackController.swift in Sources */,
				598BFD1427E9497900F202D6 /* View+Centered.swift in Sources */,
				5901D4D22684281A00A5BE86 /* TicksWidget.swift in Sources */,
				5931643C26854153005DDA1A /* Tickmate+Wrapping.swift in Sources */,
				593164322685401E005DDA1A /* TickController.swift in Sources */,
				5901D4D72684281C00A5BE86 /* TicksWidget.intentdefinition in Sources */,
				5931643326854028005DDA1A /* Tickmate+Convenience.swift in Sources */,
				5931643826854061005DDA1A /* PresetTracks.swift in Sources */,
				593164342685402F005DDA1A /* Color+RGB.swift in Sources */,
				593164372685405F005DDA1A /* StoreController.swift in Sources */,
				593164392685406A005DDA1A /* AlertItem.swift in Sources */,
				598BFD1827E9497900F202D6 /* View+DismissKeyboard.swift in Sources */,
				593164352685404D005DDA1A /* TextWithCaption.swift in Sources */,
			);
			runOnlyForDeploymentPostprocessing = 0;
		};
		5931644126857779005DDA1A /* Sources */ = {
			isa = PBXSourcesBuildPhase;
			buildActionMask = 2147483647;
			files = (
				5931645C26857A81005DDA1A /* AlertItem.swift in Sources */,
				5931645926857A5A005DDA1A /* PresetTracks.swift in Sources */,
				5931645F26857A8A005DDA1A /* TickController.swift in Sources */,
				59316453268579FE005DDA1A /* Persistence.swift in Sources */,
				5931645726857A3B005DDA1A /* SymbolsList.swift in Sources */,
				5931644A26857779005DDA1A /* IntentHandler.swift in Sources */,
				598BFD1927E9497900F202D6 /* View+DismissKeyboard.swift in Sources */,
				5931645B26857A6F005DDA1A /* TrackRepresentation.swift in Sources */,
				5931645A26857A5E005DDA1A /* StoreController.swift in Sources */,
				5931645626857A2A005DDA1A /* Tickmate+Convenience.swift in Sources */,
				5931645226857805005DDA1A /* TicksWidget.intentdefinition in Sources */,
				5931645D26857A85005DDA1A /* Defaults.swift in Sources */,
				598BFD1727E9497900F202D6 /* View+Conditional.swift in Sources */,
				5931645426857A16005DDA1A /* Tickmate.xcdatamodeld in Sources */,
				5931646326857CE9005DDA1A /* Tickmate+Wrapping.swift in Sources */,
				5931645E26857A88005DDA1A /* TrackController.swift in Sources */,
				598BFD1527E9497900F202D6 /* View+Centered.swift in Sources */,
				5931645826857A3F005DDA1A /* Color+RGB.swift in Sources */,
			);
			runOnlyForDeploymentPostprocessing = 0;
		};
		59FBCF1925E07BD5007B114F /* Sources */ = {
			isa = PBXSourcesBuildPhase;
			buildActionMask = 2147483647;
			files = (
				59F3EDC225FC4F270009CDEC /* ViewControllerContainer.swift in Sources */,
				5920735B28F627B200DD7647 /* TickButton.swift in Sources */,
				59FBCF2A25E07BD8007B114F /* Persistence.swift in Sources */,
				5901D4D82684281C00A5BE86 /* TicksWidget.intentdefinition in Sources */,
				592CE890264F337000668684 /* Tickmate+Wrapping.swift in Sources */,
				592CE88A264F1CA800668684 /* GroupView.swift in Sources */,
				592CE888264F19B400668684 /* View+Centered.swift in Sources */,
				59303A512665D00900EB900E /* TrackGroups.swift in Sources */,
				59C23A6C25E70E1A00AFBC4B /* SymbolPicker.swift in Sources */,
				59F6EAA725E36D680069DF40 /* TrackController.swift in Sources */,
				598BFD2027E9545C00F202D6 /* TrackTableViewController.swift in Sources */,
				59F0980225E081CC00667971 /* TicksView.swift in Sources */,
				59F6EAA425E36D510069DF40 /* TickController.swift in Sources */,
				59E9397225F98ACD002FD8CD /* AcknowledgementsView.swift in Sources */,
				59EF632D25E5CF24003E7259 /* TrackRepresentation.swift in Sources */,
				592850F2265EF54B00E682F5 /* GroupController.swift in Sources */,
				59EF632925E5CD4B003E7259 /* TrackView.swift in Sources */,
				59C23A6725E70D7000AFBC4B /* SymbolsList.swift in Sources */,
				5991968F25F813ED003215CC /* PresetTracksView.swift in Sources */,
				59D483C027057E3300CB30C0 /* View+Conditional.swift in Sources */,
				59E9397525F98BCB002FD8CD /* AcknowledgementLink.swift in Sources */,
				5939239E2655B6C90085DABD /* Animation+Push.swift in Sources */,
				59FBCF2325E07BD5007B114F /* ContentView.swift in Sources */,
				59FBCF2125E07BD5007B114F /* TickmateApp.swift in Sources */,
				5996360F264F128A00AAF6CA /* GroupsView.swift in Sources */,
				59FBCF2D25E07BD8007B114F /* Tickmate.xcdatamodeld in Sources */,
				59603D452666C85A001482C6 /* StoreController.swift in Sources */,
				5991969225F817F7003215CC /* PresetTracks.swift in Sources */,
				599D9F5225EC5A4900DF3795 /* TracksView.swift in Sources */,
				59F6170926671C2100CC78E1 /* AlertItem.swift in Sources */,
				59F6EA9D25E369830069DF40 /* Tickmate+Convenience.swift in Sources */,
				59A0D8932645CF1600E01E61 /* View+DismissKeyboard.swift in Sources */,
				598BFD1C27E94BA000F202D6 /* ViewController.swift in Sources */,
				59EF633725E5DC93003E7259 /* TextWithCaption.swift in Sources */,
				598BFD1E27E94BDA00F202D6 /* ScrollController.swift in Sources */,
				597DF5B025E5E90800DC8D28 /* Color+RGB.swift in Sources */,
				598BFD2527E9577200F202D6 /* PageViewController.swift in Sources */,
				5904EAAF2657111300B2D0A0 /* Binding+onChange.swift in Sources */,
				5939239C2654CE050085DABD /* PageView.swift in Sources */,
				59E6E15125F8837E008A74A9 /* Defaults.swift in Sources */,
				59373F5B2967D0B7007DB2B3 /* UIHostingController+Closure.swift in Sources */,
				59342E1C2603F3DF007E9F64 /* OnboardingView.swift in Sources */,
				597A7FDD25F6E1C900256268 /* StateEditButton.swift in Sources */,
				598BFD2327E9565500F202D6 /* DayTableViewCell.swift in Sources */,
				59E6E14E25F88177008A74A9 /* SettingsView.swift in Sources */,
				5931643F26855EB8005DDA1A /* TickView.swift in Sources */,
			);
			runOnlyForDeploymentPostprocessing = 0;
		};
/* End PBXSourcesBuildPhase section */

/* Begin PBXTargetDependency section */
		5901D4DA2684281C00A5BE86 /* PBXTargetDependency */ = {
			isa = PBXTargetDependency;
			target = 5901D4CA2684281A00A5BE86 /* TicksWidgetExtension */;
			targetProxy = 5901D4D92684281C00A5BE86 /* PBXContainerItemProxy */;
		};
		5931644D2685777A005DDA1A /* PBXTargetDependency */ = {
			isa = PBXTargetDependency;
			target = 5931644426857779005DDA1A /* TicksWidgetIntentsExtension */;
			targetProxy = 5931644C2685777A005DDA1A /* PBXContainerItemProxy */;
		};
/* End PBXTargetDependency section */

/* Begin XCBuildConfiguration section */
		5901D4DD2684281C00A5BE86 /* Debug */ = {
			isa = XCBuildConfiguration;
			buildSettings = {
				ASSETCATALOG_COMPILER_GLOBAL_ACCENT_COLOR_NAME = AccentColor;
				ASSETCATALOG_COMPILER_WIDGET_BACKGROUND_COLOR_NAME = WidgetBackground;
				CODE_SIGN_ENTITLEMENTS = TicksWidgetExtension.entitlements;
				CODE_SIGN_STYLE = Automatic;
				CURRENT_PROJECT_VERSION = 16;
				DEVELOPMENT_TEAM = A4525544Q4;
				INFOPLIST_FILE = TicksWidget/Info.plist;
				IPHONEOS_DEPLOYMENT_TARGET = 14.1;
				LD_RUNPATH_SEARCH_PATHS = (
					"$(inherited)",
					"@executable_path/Frameworks",
					"@executable_path/../../Frameworks",
				);
				MARKETING_VERSION = 1.2.3;
				PRODUCT_BUNDLE_IDENTIFIER = vc.isv.Tickmate.TicksWidget;
				PRODUCT_NAME = "$(TARGET_NAME)";
				SKIP_INSTALL = YES;
				SWIFT_VERSION = 5.0;
				TARGETED_DEVICE_FAMILY = "1,2";
			};
			name = Debug;
		};
		5901D4DE2684281C00A5BE86 /* Release */ = {
			isa = XCBuildConfiguration;
			buildSettings = {
				ASSETCATALOG_COMPILER_GLOBAL_ACCENT_COLOR_NAME = AccentColor;
				ASSETCATALOG_COMPILER_WIDGET_BACKGROUND_COLOR_NAME = WidgetBackground;
				CODE_SIGN_ENTITLEMENTS = TicksWidgetExtension.entitlements;
				CODE_SIGN_STYLE = Automatic;
				CURRENT_PROJECT_VERSION = 16;
				DEVELOPMENT_TEAM = A4525544Q4;
				INFOPLIST_FILE = TicksWidget/Info.plist;
				IPHONEOS_DEPLOYMENT_TARGET = 14.1;
				LD_RUNPATH_SEARCH_PATHS = (
					"$(inherited)",
					"@executable_path/Frameworks",
					"@executable_path/../../Frameworks",
				);
				MARKETING_VERSION = 1.2.3;
				PRODUCT_BUNDLE_IDENTIFIER = vc.isv.Tickmate.TicksWidget;
				PRODUCT_NAME = "$(TARGET_NAME)";
				SKIP_INSTALL = YES;
				SWIFT_VERSION = 5.0;
				TARGETED_DEVICE_FAMILY = "1,2";
			};
			name = Release;
		};
		593164502685777A005DDA1A /* Debug */ = {
			isa = XCBuildConfiguration;
			buildSettings = {
				CODE_SIGN_ENTITLEMENTS = TicksWidgetIntentsExtension/TicksWidgetIntentsExtension.entitlements;
				CODE_SIGN_STYLE = Automatic;
				CURRENT_PROJECT_VERSION = 16;
				DEVELOPMENT_TEAM = A4525544Q4;
				INFOPLIST_FILE = TicksWidgetIntentsExtension/Info.plist;
				IPHONEOS_DEPLOYMENT_TARGET = 14.1;
				LD_RUNPATH_SEARCH_PATHS = (
					"$(inherited)",
					"@executable_path/Frameworks",
					"@executable_path/../../Frameworks",
				);
				MARKETING_VERSION = 1.2.3;
				PRODUCT_BUNDLE_IDENTIFIER = vc.isv.Tickmate.TicksWidgetIntentsExtension;
				PRODUCT_NAME = "$(TARGET_NAME)";
				SKIP_INSTALL = YES;
				SWIFT_VERSION = 5.0;
				TARGETED_DEVICE_FAMILY = "1,2";
			};
			name = Debug;
		};
		593164512685777A005DDA1A /* Release */ = {
			isa = XCBuildConfiguration;
			buildSettings = {
				CODE_SIGN_ENTITLEMENTS = TicksWidgetIntentsExtension/TicksWidgetIntentsExtension.entitlements;
				CODE_SIGN_STYLE = Automatic;
				CURRENT_PROJECT_VERSION = 16;
				DEVELOPMENT_TEAM = A4525544Q4;
				INFOPLIST_FILE = TicksWidgetIntentsExtension/Info.plist;
				IPHONEOS_DEPLOYMENT_TARGET = 14.1;
				LD_RUNPATH_SEARCH_PATHS = (
					"$(inherited)",
					"@executable_path/Frameworks",
					"@executable_path/../../Frameworks",
				);
				MARKETING_VERSION = 1.2.3;
				PRODUCT_BUNDLE_IDENTIFIER = vc.isv.Tickmate.TicksWidgetIntentsExtension;
				PRODUCT_NAME = "$(TARGET_NAME)";
				SKIP_INSTALL = YES;
				SWIFT_VERSION = 5.0;
				TARGETED_DEVICE_FAMILY = "1,2";
			};
			name = Release;
		};
		59FBCF2F25E07BD8007B114F /* Debug */ = {
			isa = XCBuildConfiguration;
			buildSettings = {
				ALWAYS_SEARCH_USER_PATHS = NO;
				CLANG_ANALYZER_NONNULL = YES;
				CLANG_ANALYZER_NUMBER_OBJECT_CONVERSION = YES_AGGRESSIVE;
				CLANG_CXX_LANGUAGE_STANDARD = "gnu++14";
				CLANG_CXX_LIBRARY = "libc++";
				CLANG_ENABLE_MODULES = YES;
				CLANG_ENABLE_OBJC_ARC = YES;
				CLANG_ENABLE_OBJC_WEAK = YES;
				CLANG_WARN_BLOCK_CAPTURE_AUTORELEASING = YES;
				CLANG_WARN_BOOL_CONVERSION = YES;
				CLANG_WARN_COMMA = YES;
				CLANG_WARN_CONSTANT_CONVERSION = YES;
				CLANG_WARN_DEPRECATED_OBJC_IMPLEMENTATIONS = YES;
				CLANG_WARN_DIRECT_OBJC_ISA_USAGE = YES_ERROR;
				CLANG_WARN_DOCUMENTATION_COMMENTS = YES;
				CLANG_WARN_EMPTY_BODY = YES;
				CLANG_WARN_ENUM_CONVERSION = YES;
				CLANG_WARN_INFINITE_RECURSION = YES;
				CLANG_WARN_INT_CONVERSION = YES;
				CLANG_WARN_NON_LITERAL_NULL_CONVERSION = YES;
				CLANG_WARN_OBJC_IMPLICIT_RETAIN_SELF = YES;
				CLANG_WARN_OBJC_LITERAL_CONVERSION = YES;
				CLANG_WARN_OBJC_ROOT_CLASS = YES_ERROR;
				CLANG_WARN_QUOTED_INCLUDE_IN_FRAMEWORK_HEADER = YES;
				CLANG_WARN_RANGE_LOOP_ANALYSIS = YES;
				CLANG_WARN_STRICT_PROTOTYPES = YES;
				CLANG_WARN_SUSPICIOUS_MOVE = YES;
				CLANG_WARN_UNGUARDED_AVAILABILITY = YES_AGGRESSIVE;
				CLANG_WARN_UNREACHABLE_CODE = YES;
				CLANG_WARN__DUPLICATE_METHOD_MATCH = YES;
				COPY_PHASE_STRIP = NO;
				DEBUG_INFORMATION_FORMAT = dwarf;
				ENABLE_STRICT_OBJC_MSGSEND = YES;
				ENABLE_TESTABILITY = YES;
				GCC_C_LANGUAGE_STANDARD = gnu11;
				GCC_DYNAMIC_NO_PIC = NO;
				GCC_NO_COMMON_BLOCKS = YES;
				GCC_OPTIMIZATION_LEVEL = 0;
				GCC_PREPROCESSOR_DEFINITIONS = (
					"DEBUG=1",
					"$(inherited)",
				);
				GCC_WARN_64_TO_32_BIT_CONVERSION = YES;
				GCC_WARN_ABOUT_RETURN_TYPE = YES_ERROR;
				GCC_WARN_UNDECLARED_SELECTOR = YES;
				GCC_WARN_UNINITIALIZED_AUTOS = YES_AGGRESSIVE;
				GCC_WARN_UNUSED_FUNCTION = YES;
				GCC_WARN_UNUSED_VARIABLE = YES;
				IPHONEOS_DEPLOYMENT_TARGET = 14.4;
				MTL_ENABLE_DEBUG_INFO = INCLUDE_SOURCE;
				MTL_FAST_MATH = YES;
				ONLY_ACTIVE_ARCH = YES;
				SDKROOT = iphoneos;
				SWIFT_ACTIVE_COMPILATION_CONDITIONS = DEBUG;
				SWIFT_OPTIMIZATION_LEVEL = "-Onone";
			};
			name = Debug;
		};
		59FBCF3025E07BD8007B114F /* Release */ = {
			isa = XCBuildConfiguration;
			buildSettings = {
				ALWAYS_SEARCH_USER_PATHS = NO;
				CLANG_ANALYZER_NONNULL = YES;
				CLANG_ANALYZER_NUMBER_OBJECT_CONVERSION = YES_AGGRESSIVE;
				CLANG_CXX_LANGUAGE_STANDARD = "gnu++14";
				CLANG_CXX_LIBRARY = "libc++";
				CLANG_ENABLE_MODULES = YES;
				CLANG_ENABLE_OBJC_ARC = YES;
				CLANG_ENABLE_OBJC_WEAK = YES;
				CLANG_WARN_BLOCK_CAPTURE_AUTORELEASING = YES;
				CLANG_WARN_BOOL_CONVERSION = YES;
				CLANG_WARN_COMMA = YES;
				CLANG_WARN_CONSTANT_CONVERSION = YES;
				CLANG_WARN_DEPRECATED_OBJC_IMPLEMENTATIONS = YES;
				CLANG_WARN_DIRECT_OBJC_ISA_USAGE = YES_ERROR;
				CLANG_WARN_DOCUMENTATION_COMMENTS = YES;
				CLANG_WARN_EMPTY_BODY = YES;
				CLANG_WARN_ENUM_CONVERSION = YES;
				CLANG_WARN_INFINITE_RECURSION = YES;
				CLANG_WARN_INT_CONVERSION = YES;
				CLANG_WARN_NON_LITERAL_NULL_CONVERSION = YES;
				CLANG_WARN_OBJC_IMPLICIT_RETAIN_SELF = YES;
				CLANG_WARN_OBJC_LITERAL_CONVERSION = YES;
				CLANG_WARN_OBJC_ROOT_CLASS = YES_ERROR;
				CLANG_WARN_QUOTED_INCLUDE_IN_FRAMEWORK_HEADER = YES;
				CLANG_WARN_RANGE_LOOP_ANALYSIS = YES;
				CLANG_WARN_STRICT_PROTOTYPES = YES;
				CLANG_WARN_SUSPICIOUS_MOVE = YES;
				CLANG_WARN_UNGUARDED_AVAILABILITY = YES_AGGRESSIVE;
				CLANG_WARN_UNREACHABLE_CODE = YES;
				CLANG_WARN__DUPLICATE_METHOD_MATCH = YES;
				COPY_PHASE_STRIP = NO;
				DEBUG_INFORMATION_FORMAT = "dwarf-with-dsym";
				ENABLE_NS_ASSERTIONS = NO;
				ENABLE_STRICT_OBJC_MSGSEND = YES;
				GCC_C_LANGUAGE_STANDARD = gnu11;
				GCC_NO_COMMON_BLOCKS = YES;
				GCC_WARN_64_TO_32_BIT_CONVERSION = YES;
				GCC_WARN_ABOUT_RETURN_TYPE = YES_ERROR;
				GCC_WARN_UNDECLARED_SELECTOR = YES;
				GCC_WARN_UNINITIALIZED_AUTOS = YES_AGGRESSIVE;
				GCC_WARN_UNUSED_FUNCTION = YES;
				GCC_WARN_UNUSED_VARIABLE = YES;
				IPHONEOS_DEPLOYMENT_TARGET = 14.4;
				MTL_ENABLE_DEBUG_INFO = NO;
				MTL_FAST_MATH = YES;
				SDKROOT = iphoneos;
				SWIFT_COMPILATION_MODE = wholemodule;
				SWIFT_OPTIMIZATION_LEVEL = "-O";
				VALIDATE_PRODUCT = YES;
			};
			name = Release;
		};
		59FBCF3225E07BD8007B114F /* Debug */ = {
			isa = XCBuildConfiguration;
			buildSettings = {
				ALWAYS_EMBED_SWIFT_STANDARD_LIBRARIES = YES;
				ASSETCATALOG_COMPILER_APPICON_NAME = AppIcon;
				ASSETCATALOG_COMPILER_GLOBAL_ACCENT_COLOR_NAME = AccentColor;
				CODE_SIGN_ENTITLEMENTS = Tickmate/Tickmate.entitlements;
				CODE_SIGN_STYLE = Automatic;
				CURRENT_PROJECT_VERSION = 16;
				DEVELOPMENT_ASSET_PATHS = "\"Tickmate/Preview Content\"";
				DEVELOPMENT_TEAM = A4525544Q4;
				ENABLE_PREVIEWS = YES;
				INFOPLIST_FILE = Tickmate/Info.plist;
				IPHONEOS_DEPLOYMENT_TARGET = 16.0;
				LD_RUNPATH_SEARCH_PATHS = (
					"$(inherited)",
					"@executable_path/Frameworks",
				);
				MARKETING_VERSION = 1.2.3;
				PRODUCT_BUNDLE_IDENTIFIER = vc.isv.Tickmate;
				PRODUCT_NAME = "$(TARGET_NAME)";
				SWIFT_VERSION = 5.0;
				TARGETED_DEVICE_FAMILY = "1,2";
			};
			name = Debug;
		};
		59FBCF3325E07BD8007B114F /* Release */ = {
			isa = XCBuildConfiguration;
			buildSettings = {
				ALWAYS_EMBED_SWIFT_STANDARD_LIBRARIES = YES;
				ASSETCATALOG_COMPILER_APPICON_NAME = AppIcon;
				ASSETCATALOG_COMPILER_GLOBAL_ACCENT_COLOR_NAME = AccentColor;
				CODE_SIGN_ENTITLEMENTS = Tickmate/Tickmate.entitlements;
				CODE_SIGN_STYLE = Automatic;
				CURRENT_PROJECT_VERSION = 16;
				DEVELOPMENT_ASSET_PATHS = "\"Tickmate/Preview Content\"";
				DEVELOPMENT_TEAM = A4525544Q4;
				ENABLE_PREVIEWS = YES;
				INFOPLIST_FILE = Tickmate/Info.plist;
				IPHONEOS_DEPLOYMENT_TARGET = 16.0;
				LD_RUNPATH_SEARCH_PATHS = (
					"$(inherited)",
					"@executable_path/Frameworks",
				);
				MARKETING_VERSION = 1.2.3;
				PRODUCT_BUNDLE_IDENTIFIER = vc.isv.Tickmate;
				PRODUCT_NAME = "$(TARGET_NAME)";
				SWIFT_VERSION = 5.0;
				TARGETED_DEVICE_FAMILY = "1,2";
			};
			name = Release;
		};
/* End XCBuildConfiguration section */

/* Begin XCConfigurationList section */
		5901D4DF2684281C00A5BE86 /* Build configuration list for PBXNativeTarget "TicksWidgetExtension" */ = {
			isa = XCConfigurationList;
			buildConfigurations = (
				5901D4DD2684281C00A5BE86 /* Debug */,
				5901D4DE2684281C00A5BE86 /* Release */,
			);
			defaultConfigurationIsVisible = 0;
			defaultConfigurationName = Release;
		};
		5931644F2685777A005DDA1A /* Build configuration list for PBXNativeTarget "TicksWidgetIntentsExtension" */ = {
			isa = XCConfigurationList;
			buildConfigurations = (
				593164502685777A005DDA1A /* Debug */,
				593164512685777A005DDA1A /* Release */,
			);
			defaultConfigurationIsVisible = 0;
			defaultConfigurationName = Release;
		};
		59FBCF1825E07BD5007B114F /* Build configuration list for PBXProject "Tickmate" */ = {
			isa = XCConfigurationList;
			buildConfigurations = (
				59FBCF2F25E07BD8007B114F /* Debug */,
				59FBCF3025E07BD8007B114F /* Release */,
			);
			defaultConfigurationIsVisible = 0;
			defaultConfigurationName = Release;
		};
		59FBCF3125E07BD8007B114F /* Build configuration list for PBXNativeTarget "Tickmate" */ = {
			isa = XCConfigurationList;
			buildConfigurations = (
				59FBCF3225E07BD8007B114F /* Debug */,
				59FBCF3325E07BD8007B114F /* Release */,
			);
			defaultConfigurationIsVisible = 0;
			defaultConfigurationName = Release;
		};
/* End XCConfigurationList section */

/* Begin XCRemoteSwiftPackageReference section */
		59F3EDB925FC46770009CDEC /* XCRemoteSwiftPackageReference "SwiftUI-Introspect" */ = {
			isa = XCRemoteSwiftPackageReference;
			repositoryURL = "https://github.com/siteline/SwiftUI-Introspect.git";
			requirement = {
				kind = upToNextMajorVersion;
				minimumVersion = 0.1.2;
			};
		};
		59F6EAAC25E377E40069DF40 /* XCRemoteSwiftPackageReference "SwiftDate" */ = {
			isa = XCRemoteSwiftPackageReference;
			repositoryURL = "https://github.com/malcommac/SwiftDate.git";
			requirement = {
				kind = upToNextMajorVersion;
				minimumVersion = 6.3.1;
			};
		};
/* End XCRemoteSwiftPackageReference section */

/* Begin XCSwiftPackageProductDependency section */
		5931643A2685409F005DDA1A /* SwiftDate */ = {
			isa = XCSwiftPackageProductDependency;
			package = 59F6EAAC25E377E40069DF40 /* XCRemoteSwiftPackageReference "SwiftDate" */;
			productName = SwiftDate;
		};
		5931646026857AA9005DDA1A /* SwiftDate */ = {
			isa = XCSwiftPackageProductDependency;
			package = 59F6EAAC25E377E40069DF40 /* XCRemoteSwiftPackageReference "SwiftDate" */;
			productName = SwiftDate;
		};
		59F3EDBA25FC46770009CDEC /* Introspect */ = {
			isa = XCSwiftPackageProductDependency;
			package = 59F3EDB925FC46770009CDEC /* XCRemoteSwiftPackageReference "SwiftUI-Introspect" */;
			productName = Introspect;
		};
		59F6EAAD25E377E40069DF40 /* SwiftDate */ = {
			isa = XCSwiftPackageProductDependency;
			package = 59F6EAAC25E377E40069DF40 /* XCRemoteSwiftPackageReference "SwiftDate" */;
			productName = SwiftDate;
		};
/* End XCSwiftPackageProductDependency section */

/* Begin XCVersionGroup section */
		59FBCF2B25E07BD8007B114F /* Tickmate.xcdatamodeld */ = {
			isa = XCVersionGroup;
			children = (
				59FBCF2C25E07BD8007B114F /* Tickmate.xcdatamodel */,
			);
			currentVersion = 59FBCF2C25E07BD8007B114F /* Tickmate.xcdatamodel */;
			path = Tickmate.xcdatamodeld;
			sourceTree = "<group>";
			versionGroupType = wrapper.xcdatamodel;
		};
/* End XCVersionGroup section */
	};
	rootObject = 59FBCF1525E07BD5007B114F /* Project object */;
}
